
Microsoft Visual Studio Solution File, Format Version 12.00
# Visual Studio Version 17
VisualStudioVersion = 17.5.33516.290
MinimumVisualStudioVersion = 10.0.40219.1
Project("{FAE04EC0-301F-11D3-BF4B-00C04F79EFBC}") = "GitTest101", "GitTest101\GitTest101.csproj", "{435812C0-CA83-4ACA-AAA1-495BDCC87267}"
EndProject
Global
	GlobalSection(SolutionConfigurationPlatforms) = preSolution
		Debug|Any CPU = Debug|Any CPU
		Release|Any CPU = Release|Any CPU
	EndGlobalSection
	GlobalSection(ProjectConfigurationPlatforms) = postSolution
		{435812C0-CA83-4ACA-AAA1-495BDCC87267}.Debug|Any CPU.ActiveCfg = Debug|Any CPU
		{435812C0-CA83-4ACA-AAA1-495BDCC87267}.Debug|Any CPU.Build.0 = Debug|Any CPU
		{435812C0-CA83-4ACA-AAA1-495BDCC87267}.Release|Any CPU.ActiveCfg = Release|Any CPU
		{435812C0-CA83-4ACA-AAA1-495BDCC87267}.Release|Any CPU.Build.0 = Release|Any CPU
	EndGlobalSection
	GlobalSection(SolutionProperties) = preSolution
		HideSolutionNode = FALSE
	EndGlobalSection
	GlobalSection(ExtensibilityGlobals) = postSolution
		SolutionGuid = {15C1CEB8-8A6D-4C09-B4F7-BBD8F333A8A0}
	EndGlobalSection
EndGlobal
